
Microsoft Visual Studio Solution File, Format Version 12.00
# Visual Studio Version 16
VisualStudioVersion = 16.0.30804.86
MinimumVisualStudioVersion = 10.0.40219.1
Project("{FAE04EC0-301F-11D3-BF4B-00C04F79EFBC}") = "WindowsFormGame_2048", "WindowsFormGame_2048.csproj", "{7D43073E-DE79-4BAB-8DAF-DEB0A0523981}"
EndProject
Global
	GlobalSection(SolutionConfigurationPlatforms) = preSolution
		Debug|Any CPU = Debug|Any CPU
		Release|Any CPU = Release|Any CPU
	EndGlobalSection
	GlobalSection(ProjectConfigurationPlatforms) = postSolution
		{7D43073E-DE79-4BAB-8DAF-DEB0A0523981}.Debug|Any CPU.ActiveCfg = Debug|Any CPU
		{7D43073E-DE79-4BAB-8DAF-DEB0A0523981}.Debug|Any CPU.Build.0 = Debug|Any CPU
		{7D43073E-DE79-4BAB-8DAF-DEB0A0523981}.Release|Any CPU.ActiveCfg = Release|Any CPU
		{7D43073E-DE79-4BAB-8DAF-DEB0A0523981}.Release|Any CPU.Build.0 = Release|Any CPU
	EndGlobalSection
	GlobalSection(SolutionProperties) = preSolution
		HideSolutionNode = FALSE
	EndGlobalSection
	GlobalSection(ExtensibilityGlobals) = postSolution
		SolutionGuid = {D0D1A61C-019A-4AD3-849D-67216EC4BFDE}
	EndGlobalSection
EndGlobal
